
Microsoft Visual Studio Solution File, Format Version 12.00
# Visual Studio 2013
VisualStudioVersion = 12.0.31101.0
MinimumVisualStudioVersion = 10.0.40219.1
Project("{FAE04EC0-301F-11D3-BF4B-00C04F79EFBC}") = "TSAnalisator 3.0", "TSAnalisator\TSAnalisator 3.0.csproj", "{0EE1255E-22FE-4179-95C5-F74057818872}"
EndProject
Project("{FAE04EC0-301F-11D3-BF4B-00C04F79EFBC}") = "Robot", "Robot\Robot.csproj", "{F43ECF69-1CB5-4831-BB3F-997143C5D4CC}"
EndProject
Project("{FAE04EC0-301F-11D3-BF4B-00C04F79EFBC}") = "TestNTConnection", "TestNTConnection\TestNTConnection.csproj", "{13BFD17A-0376-492C-B179-3BEB07D5D1E4}"
EndProject
Project("{FAE04EC0-301F-11D3-BF4B-00C04F79EFBC}") = "RobotTest", "RobotTest\RobotTest.csproj", "{B7D936A5-65B0-4B76-9AA3-B4E5D578F721}"
EndProject
Global
	GlobalSection(SolutionConfigurationPlatforms) = preSolution
		Debug|Any CPU = Debug|Any CPU
		Debug|Mixed Platforms = Debug|Mixed Platforms
		Debug|x86 = Debug|x86
		Release|Any CPU = Release|Any CPU
		Release|Mixed Platforms = Release|Mixed Platforms
		Release|x86 = Release|x86
	EndGlobalSection
	GlobalSection(ProjectConfigurationPlatforms) = postSolution
		{0EE1255E-22FE-4179-95C5-F74057818872}.Debug|Any CPU.ActiveCfg = Debug|Any CPU
		{0EE1255E-22FE-4179-95C5-F74057818872}.Debug|Any CPU.Build.0 = Debug|Any CPU
		{0EE1255E-22FE-4179-95C5-F74057818872}.Debug|Mixed Platforms.ActiveCfg = Debug|Any CPU
		{0EE1255E-22FE-4179-95C5-F74057818872}.Debug|Mixed Platforms.Build.0 = Debug|Any CPU
		{0EE1255E-22FE-4179-95C5-F74057818872}.Debug|x86.ActiveCfg = Debug|Any CPU
		{0EE1255E-22FE-4179-95C5-F74057818872}.Release|Any CPU.ActiveCfg = Release|Any CPU
		{0EE1255E-22FE-4179-95C5-F74057818872}.Release|Any CPU.Build.0 = Release|Any CPU
		{0EE1255E-22FE-4179-95C5-F74057818872}.Release|Mixed Platforms.ActiveCfg = Release|Any CPU
		{0EE1255E-22FE-4179-95C5-F74057818872}.Release|Mixed Platforms.Build.0 = Release|Any CPU
		{0EE1255E-22FE-4179-95C5-F74057818872}.Release|x86.ActiveCfg = Release|Any CPU
		{F43ECF69-1CB5-4831-BB3F-997143C5D4CC}.Debug|Any CPU.ActiveCfg = Debug|Any CPU
		{F43ECF69-1CB5-4831-BB3F-997143C5D4CC}.Debug|Any CPU.Build.0 = Debug|Any CPU
		{F43ECF69-1CB5-4831-BB3F-997143C5D4CC}.Debug|Mixed Platforms.ActiveCfg = Debug|Any CPU
		{F43ECF69-1CB5-4831-BB3F-997143C5D4CC}.Debug|Mixed Platforms.Build.0 = Debug|Any CPU
		{F43ECF69-1CB5-4831-BB3F-997143C5D4CC}.Debug|x86.ActiveCfg = Debug|Any CPU
		{F43ECF69-1CB5-4831-BB3F-997143C5D4CC}.Release|Any CPU.ActiveCfg = Release|Any CPU
		{F43ECF69-1CB5-4831-BB3F-997143C5D4CC}.Release|Any CPU.Build.0 = Release|Any CPU
		{F43ECF69-1CB5-4831-BB3F-997143C5D4CC}.Release|Mixed Platforms.ActiveCfg = Release|Any CPU
		{F43ECF69-1CB5-4831-BB3F-997143C5D4CC}.Release|Mixed Platforms.Build.0 = Release|Any CPU
		{F43ECF69-1CB5-4831-BB3F-997143C5D4CC}.Release|x86.ActiveCfg = Release|Any CPU
		{13BFD17A-0376-492C-B179-3BEB07D5D1E4}.Debug|Any CPU.ActiveCfg = Debug|Any CPU
		{13BFD17A-0376-492C-B179-3BEB07D5D1E4}.Debug|Any CPU.Build.0 = Debug|Any CPU
		{13BFD17A-0376-492C-B179-3BEB07D5D1E4}.Debug|Mixed Platforms.ActiveCfg = Debug|Any CPU
		{13BFD17A-0376-492C-B179-3BEB07D5D1E4}.Debug|Mixed Platforms.Build.0 = Debug|Any CPU
		{13BFD17A-0376-492C-B179-3BEB07D5D1E4}.Debug|x86.ActiveCfg = Debug|Any CPU
		{13BFD17A-0376-492C-B179-3BEB07D5D1E4}.Release|Any CPU.ActiveCfg = Release|Any CPU
		{13BFD17A-0376-492C-B179-3BEB07D5D1E4}.Release|Any CPU.Build.0 = Release|Any CPU
		{13BFD17A-0376-492C-B179-3BEB07D5D1E4}.Release|Mixed Platforms.ActiveCfg = Release|Any CPU
		{13BFD17A-0376-492C-B179-3BEB07D5D1E4}.Release|Mixed Platforms.Build.0 = Release|Any CPU
		{13BFD17A-0376-492C-B179-3BEB07D5D1E4}.Release|x86.ActiveCfg = Release|Any CPU
		{B7D936A5-65B0-4B76-9AA3-B4E5D578F721}.Debug|Any CPU.ActiveCfg = Debug|Any CPU
		{B7D936A5-65B0-4B76-9AA3-B4E5D578F721}.Debug|Any CPU.Build.0 = Debug|Any CPU
		{B7D936A5-65B0-4B76-9AA3-B4E5D578F721}.Debug|Mixed Platforms.ActiveCfg = Debug|Any CPU
		{B7D936A5-65B0-4B76-9AA3-B4E5D578F721}.Debug|Mixed Platforms.Build.0 = Debug|Any CPU
		{B7D936A5-65B0-4B76-9AA3-B4E5D578F721}.Debug|x86.ActiveCfg = Debug|Any CPU
		{B7D936A5-65B0-4B76-9AA3-B4E5D578F721}.Release|Any CPU.ActiveCfg = Release|Any CPU
		{B7D936A5-65B0-4B76-9AA3-B4E5D578F721}.Release|Any CPU.Build.0 = Release|Any CPU
		{B7D936A5-65B0-4B76-9AA3-B4E5D578F721}.Release|Mixed Platforms.ActiveCfg = Release|Any CPU
		{B7D936A5-65B0-4B76-9AA3-B4E5D578F721}.Release|Mixed Platforms.Build.0 = Release|Any CPU
		{B7D936A5-65B0-4B76-9AA3-B4E5D578F721}.Release|x86.ActiveCfg = Release|Any CPU
	EndGlobalSection
	GlobalSection(SolutionProperties) = preSolution
		HideSolutionNode = FALSE
	EndGlobalSection
EndGlobal
